
Microsoft Visual Studio Solution File, Format Version 12.00
# Visual Studio Version 17
VisualStudioVersion = 17.9.34616.47
MinimumVisualStudioVersion = 10.0.40219.1
Project("{8BC9CEB8-8B4A-11D0-8D11-00A0C91BC942}") = "062_InsertionSort", "062_InsertionSort\062_InsertionSort.vcxproj", "{79FBA634-755F-4A50-B610-B15AEAF0FBBF}"
EndProject
Global
	GlobalSection(SolutionConfigurationPlatforms) = preSolution
		Debug|x64 = Debug|x64
		Debug|x86 = Debug|x86
		Release|x64 = Release|x64
		Release|x86 = Release|x86
	EndGlobalSection
	GlobalSection(ProjectConfigurationPlatforms) = postSolution
		{79FBA634-755F-4A50-B610-B15AEAF0FBBF}.Debug|x64.ActiveCfg = Debug|x64
		{79FBA634-755F-4A50-B610-B15AEAF0FBBF}.Debug|x64.Build.0 = Debug|x64
		{79FBA634-755F-4A50-B610-B15AEAF0FBBF}.Debug|x86.ActiveCfg = Debug|Win32
		{79FBA634-755F-4A50-B610-B15AEAF0FBBF}.Debug|x86.Build.0 = Debug|Win32
		{79FBA634-755F-4A50-B610-B15AEAF0FBBF}.Release|x64.ActiveCfg = Release|x64
		{79FBA634-755F-4A50-B610-B15AEAF0FBBF}.Release|x64.Build.0 = Release|x64
		{79FBA634-755F-4A50-B610-B15AEAF0FBBF}.Release|x86.ActiveCfg = Release|Win32
		{79FBA634-755F-4A50-B610-B15AEAF0FBBF}.Release|x86.Build.0 = Release|Win32
	EndGlobalSection
	GlobalSection(SolutionProperties) = preSolution
		HideSolutionNode = FALSE
	EndGlobalSection
	GlobalSection(ExtensibilityGlobals) = postSolution
		SolutionGuid = {09FD40B0-A7EC-4D3D-BECA-4D2EF551851F}
	EndGlobalSection
EndGlobal
